
Microsoft Visual Studio Solution File, Format Version 12.00
# Visual Studio Version 17
VisualStudioVersion = 17.2.32526.322
MinimumVisualStudioVersion = 10.0.40219.1
Project("{9A19103F-16F7-4668-BE54-9A1E7A4F7556}") = "CarvedRock.Admin", "CarvedRock.Admin\CarvedRock.Admin.csproj", "{13AD39D8-8040-40E3-94FD-A08C3DA3686A}"
EndProject
Project("{9A19103F-16F7-4668-BE54-9A1E7A4F7556}") = "CarvedRock.Api", "CarvedRock.Api\CarvedRock.Api.csproj", "{61A52B2E-C1E4-4FA4-AEEF-69864A9EB0F6}"
EndProject
Project("{9A19103F-16F7-4668-BE54-9A1E7A4F7556}") = "CarvedRock.Domain", "CarvedRock.Domain\CarvedRock.Domain.csproj", "{2D992C61-57BC-4DDA-932E-930479A234AA}"
EndProject
Project("{2150E333-8FDC-42A3-9474-1A3956D46DE8}") = "Solution Items", "Solution Items", "{1D796655-BB92-4518-8A6E-180968F45B55}"
	ProjectSection(SolutionItems) = preProject
		readme.md = readme.md
	EndProjectSection
EndProject
Project("{9A19103F-16F7-4668-BE54-9A1E7A4F7556}") = "CarvedRock.BlazorServerSide", "CarvedRock.BlazorServerSide\CarvedRock.BlazorServerSide.csproj", "{B6746743-E485-4508-8E38-ACABC98F3303}"
EndProject
Global
	GlobalSection(SolutionConfigurationPlatforms) = preSolution
		Debug|Any CPU = Debug|Any CPU
		Release|Any CPU = Release|Any CPU
	EndGlobalSection
	GlobalSection(ProjectConfigurationPlatforms) = postSolution
		{13AD39D8-8040-40E3-94FD-A08C3DA3686A}.Debug|Any CPU.ActiveCfg = Debug|Any CPU
		{13AD39D8-8040-40E3-94FD-A08C3DA3686A}.Debug|Any CPU.Build.0 = Debug|Any CPU
		{13AD39D8-8040-40E3-94FD-A08C3DA3686A}.Release|Any CPU.ActiveCfg = Release|Any CPU
		{13AD39D8-8040-40E3-94FD-A08C3DA3686A}.Release|Any CPU.Build.0 = Release|Any CPU
		{61A52B2E-C1E4-4FA4-AEEF-69864A9EB0F6}.Debug|Any CPU.ActiveCfg = Debug|Any CPU
		{61A52B2E-C1E4-4FA4-AEEF-69864A9EB0F6}.Debug|Any CPU.Build.0 = Debug|Any CPU
		{61A52B2E-C1E4-4FA4-AEEF-69864A9EB0F6}.Release|Any CPU.ActiveCfg = Release|Any CPU
		{61A52B2E-C1E4-4FA4-AEEF-69864A9EB0F6}.Release|Any CPU.Build.0 = Release|Any CPU
		{2D992C61-57BC-4DDA-932E-930479A234AA}.Debug|Any CPU.ActiveCfg = Debug|Any CPU
		{2D992C61-57BC-4DDA-932E-930479A234AA}.Debug|Any CPU.Build.0 = Debug|Any CPU
		{2D992C61-57BC-4DDA-932E-930479A234AA}.Release|Any CPU.ActiveCfg = Release|Any CPU
		{2D992C61-57BC-4DDA-932E-930479A234AA}.Release|Any CPU.Build.0 = Release|Any CPU
		{B6746743-E485-4508-8E38-ACABC98F3303}.Debug|Any CPU.ActiveCfg = Debug|Any CPU
		{B6746743-E485-4508-8E38-ACABC98F3303}.Debug|Any CPU.Build.0 = Debug|Any CPU
		{B6746743-E485-4508-8E38-ACABC98F3303}.Release|Any CPU.ActiveCfg = Release|Any CPU
		{B6746743-E485-4508-8E38-ACABC98F3303}.Release|Any CPU.Build.0 = Release|Any CPU
	EndGlobalSection
	GlobalSection(SolutionProperties) = preSolution
		HideSolutionNode = FALSE
	EndGlobalSection
	GlobalSection(ExtensibilityGlobals) = postSolution
		SolutionGuid = {483C17B4-7255-47FE-B72E-016D8C3C6421}
	EndGlobalSection
EndGlobal
