
Microsoft Visual Studio Solution File, Format Version 12.00
# Visual Studio Version 17
VisualStudioVersion = 17.2.32602.215
MinimumVisualStudioVersion = 10.0.40219.1
Project("{9A19103F-16F7-4668-BE54-9A1E7A4F7556}") = "EmptyWeb", "EmptyWeb\EmptyWeb.csproj", "{EBE4398B-0FAA-44D8-B360-192E24FAFE68}"
EndProject
Global
	GlobalSection(SolutionConfigurationPlatforms) = preSolution
		Debug|Any CPU = Debug|Any CPU
		Release|Any CPU = Release|Any CPU
	EndGlobalSection
	GlobalSection(ProjectConfigurationPlatforms) = postSolution
		{EBE4398B-0FAA-44D8-B360-192E24FAFE68}.Debug|Any CPU.ActiveCfg = Debug|Any CPU
		{EBE4398B-0FAA-44D8-B360-192E24FAFE68}.Debug|Any CPU.Build.0 = Debug|Any CPU
		{EBE4398B-0FAA-44D8-B360-192E24FAFE68}.Release|Any CPU.ActiveCfg = Release|Any CPU
		{EBE4398B-0FAA-44D8-B360-192E24FAFE68}.Release|Any CPU.Build.0 = Release|Any CPU
	EndGlobalSection
	GlobalSection(SolutionProperties) = preSolution
		HideSolutionNode = FALSE
	EndGlobalSection
	GlobalSection(ExtensibilityGlobals) = postSolution
		SolutionGuid = {62476AE6-38F6-429D-99C5-D476C88F64EC}
	EndGlobalSection
EndGlobal
